
Microsoft Visual Studio Solution File, Format Version 12.00
# Visual Studio 15
VisualStudioVersion = 15.0.27703.2042
MinimumVisualStudioVersion = 10.0.40219.1
Project("{FAE04EC0-301F-11D3-BF4B-00C04F79EFBC}") = "KymetaCodingTest", "KymetaCodingTest\KymetaCodingTest.csproj", "{C05821FB-5F5F-4656-8059-6B72263DE98E}"
EndProject
Global
	GlobalSection(SolutionConfigurationPlatforms) = preSolution
		Debug|Any CPU = Debug|Any CPU
		Release|Any CPU = Release|Any CPU
	EndGlobalSection
	GlobalSection(ProjectConfigurationPlatforms) = postSolution
		{C05821FB-5F5F-4656-8059-6B72263DE98E}.Debug|Any CPU.ActiveCfg = Debug|Any CPU
		{C05821FB-5F5F-4656-8059-6B72263DE98E}.Debug|Any CPU.Build.0 = Debug|Any CPU
		{C05821FB-5F5F-4656-8059-6B72263DE98E}.Release|Any CPU.ActiveCfg = Release|Any CPU
		{C05821FB-5F5F-4656-8059-6B72263DE98E}.Release|Any CPU.Build.0 = Release|Any CPU
	EndGlobalSection
	GlobalSection(SolutionProperties) = preSolution
		HideSolutionNode = FALSE
	EndGlobalSection
	GlobalSection(ExtensibilityGlobals) = postSolution
		SolutionGuid = {D3DE1B6A-813A-4ACB-9F1D-43AB20F16399}
	EndGlobalSection
EndGlobal
